// !$*UTF8*$!
{
	archiveVersion = 1;
	classes = {
	};
	objectVersion = 50;
	objects = {

/* Begin PBXBuildFile section */
		550CDD3B248E3BED00C5687E /* Card.swift in Sources */ = {isa = PBXBuildFile; fileRef = 550CDD3A248E3BED00C5687E /* Card.swift */; };
		55286A26248E6F6900006FE4 /* GridLayout.swift in Sources */ = {isa = PBXBuildFile; fileRef = 55286A25248E6F6900006FE4 /* GridLayout.swift */; };
		55286A28248E6FD700006FE4 /* GridView.swift in Sources */ = {isa = PBXBuildFile; fileRef = 55286A27248E6FD600006FE4 /* GridView.swift */; };
		554BB85A248BB2D2006754ED /* SquiggleLayout.swift in Sources */ = {isa = PBXBuildFile; fileRef = 554BB859248BB2D2006754ED /* SquiggleLayout.swift */; };
		554BB85F248BCB91006754ED /* SetSymbol.swift in Sources */ = {isa = PBXBuildFile; fileRef = 554BB85E248BCB91006754ED /* SetSymbol.swift */; };
		5552188E248E71AC0044E0F5 /* SoloSetView.swift in Sources */ = {isa = PBXBuildFile; fileRef = 5552188D248E71AC0044E0F5 /* SoloSetView.swift */; };
		55521890248E73D50044E0F5 /* TypeExtensions.swift in Sources */ = {isa = PBXBuildFile; fileRef = 5552188F248E73D50044E0F5 /* TypeExtensions.swift */; };
		55521892248E84AE0044E0F5 /* Game.swift in Sources */ = {isa = PBXBuildFile; fileRef = 55521891248E84AE0044E0F5 /* Game.swift */; };
		55521894248E93620044E0F5 /* SoloSetViewModel.swift in Sources */ = {isa = PBXBuildFile; fileRef = 55521893248E93620044E0F5 /* SoloSetViewModel.swift */; };
		55707DE9248A51FE004706E5 /* AppDelegate.swift in Sources */ = {isa = PBXBuildFile; fileRef = 55707DE8248A51FE004706E5 /* AppDelegate.swift */; };
		55707DEB248A51FF004706E5 /* SceneDelegate.swift in Sources */ = {isa = PBXBuildFile; fileRef = 55707DEA248A51FF004706E5 /* SceneDelegate.swift */; };
		55707DED248A51FF004706E5 /* CardView.swift in Sources */ = {isa = PBXBuildFile; fileRef = 55707DEC248A51FF004706E5 /* CardView.swift */; };
		55707DEF248A5202004706E5 /* Assets.xcassets in Resources */ = {isa = PBXBuildFile; fileRef = 55707DEE248A5202004706E5 /* Assets.xcassets */; };
		55707DF2248A5202004706E5 /* Preview Assets.xcassets in Resources */ = {isa = PBXBuildFile; fileRef = 55707DF1248A5202004706E5 /* Preview Assets.xcassets */; };
		55707DF5248A5202004706E5 /* LaunchScreen.storyboard in Resources */ = {isa = PBXBuildFile; fileRef = 55707DF3248A5202004706E5 /* LaunchScreen.storyboard */; };
		55707E03248A601B004706E5 /* DiamondLayout.swift in Sources */ = {isa = PBXBuildFile; fileRef = 55707E02248A601B004706E5 /* DiamondLayout.swift */; };
		5574BF55248A790000FDB901 /* OvalLayout.swift in Sources */ = {isa = PBXBuildFile; fileRef = 5574BF54248A790000FDB901 /* OvalLayout.swift */; };
		557EE9D62490E97A00D777E8 /* assignment-3.pdf in Resources */ = {isa = PBXBuildFile; fileRef = 557EE9D42490E97A00D777E8 /* assignment-3.pdf */; };
		557EE9D72490E97A00D777E8 /* README.md in Resources */ = {isa = PBXBuildFile; fileRef = 557EE9D52490E97A00D777E8 /* README.md */; };
		55AEB5EA248D2E8F00221AF6 /* StripedLayout.swift in Sources */ = {isa = PBXBuildFile; fileRef = 55AEB5E9248D2E8F00221AF6 /* StripedLayout.swift */; };
/* End PBXBuildFile section */

/* Begin PBXFileReference section */
		550CDD3A248E3BED00C5687E /* Card.swift */ = {isa = PBXFileReference; lastKnownFileType = sourcecode.swift; path = Card.swift; sourceTree = "<group>"; };
		55286A25248E6F6900006FE4 /* GridLayout.swift */ = {isa = PBXFileReference; lastKnownFileType = sourcecode.swift; path = GridLayout.swift; sourceTree = "<group>"; };
		55286A27248E6FD600006FE4 /* GridView.swift */ = {isa = PBXFileReference; lastKnownFileType = sourcecode.swift; path = GridView.swift; sourceTree = "<group>"; };
		554BB859248BB2D2006754ED /* SquiggleLayout.swift */ = {isa = PBXFileReference; lastKnownFileType = sourcecode.swift; path = SquiggleLayout.swift; sourceTree = "<group>"; };
		554BB85E248BCB91006754ED /* SetSymbol.swift */ = {isa = PBXFileReference; lastKnownFileType = sourcecode.swift; path = SetSymbol.swift; sourceTree = "<group>"; };
		5552188D248E71AC0044E0F5 /* SoloSetView.swift */ = {isa = PBXFileReference; lastKnownFileType = sourcecode.swift; path = SoloSetView.swift; sourceTree = "<group>"; };
		5552188F248E73D50044E0F5 /* TypeExtensions.swift */ = {isa = PBXFileReference; lastKnownFileType = sourcecode.swift; path = TypeExtensions.swift; sourceTree = "<group>"; };
		55521891248E84AE0044E0F5 /* Game.swift */ = {isa = PBXFileReference; lastKnownFileType = sourcecode.swift; path = Game.swift; sourceTree = "<group>"; };
		55521893248E93620044E0F5 /* SoloSetViewModel.swift */ = {isa = PBXFileReference; lastKnownFileType = sourcecode.swift; path = SoloSetViewModel.swift; sourceTree = "<group>"; };
		55707DE5248A51FE004706E5 /* SoloSet.app */ = {isa = PBXFileReference; explicitFileType = wrapper.application; includeInIndex = 0; path = SoloSet.app; sourceTree = BUILT_PRODUCTS_DIR; };
		55707DE8248A51FE004706E5 /* AppDelegate.swift */ = {isa = PBXFileReference; lastKnownFileType = sourcecode.swift; path = AppDelegate.swift; sourceTree = "<group>"; };
		55707DEA248A51FF004706E5 /* SceneDelegate.swift */ = {isa = PBXFileReference; lastKnownFileType = sourcecode.swift; path = SceneDelegate.swift; sourceTree = "<group>"; };
		55707DEC248A51FF004706E5 /* CardView.swift */ = {isa = PBXFileReference; lastKnownFileType = sourcecode.swift; path = CardView.swift; sourceTree = "<group>"; };
		55707DEE248A5202004706E5 /* Assets.xcassets */ = {isa = PBXFileReference; lastKnownFileType = folder.assetcatalog; path = Assets.xcassets; sourceTree = "<group>"; };
		55707DF1248A5202004706E5 /* Preview Assets.xcassets */ = {isa = PBXFileReference; lastKnownFileType = folder.assetcatalog; path = "Preview Assets.xcassets"; sourceTree = "<group>"; };
		55707DF4248A5202004706E5 /* Base */ = {isa = PBXFileReference; lastKnownFileType = file.storyboard; name = Base; path = Base.lproj/LaunchScreen.storyboard; sourceTree = "<group>"; };
		55707DF6248A5202004706E5 /* Info.plist */ = {isa = PBXFileReference; lastKnownFileType = text.plist.xml; path = Info.plist; sourceTree = "<group>"; };
		55707E02248A601B004706E5 /* DiamondLayout.swift */ = {isa = PBXFileReference; lastKnownFileType = sourcecode.swift; path = DiamondLayout.swift; sourceTree = "<group>"; };
		5574BF54248A790000FDB901 /* OvalLayout.swift */ = {isa = PBXFileReference; lastKnownFileType = sourcecode.swift; path = OvalLayout.swift; sourceTree = "<group>"; };
		557EE9D42490E97A00D777E8 /* assignment-3.pdf */ = {isa = PBXFileReference; lastKnownFileType = image.pdf; path = "assignment-3.pdf"; sourceTree = "<group>"; };
		557EE9D52490E97A00D777E8 /* README.md */ = {isa = PBXFileReference; fileEncoding = 4; lastKnownFileType = net.daringfireball.markdown; path = README.md; sourceTree = "<group>"; };
		55AEB5E9248D2E8F00221AF6 /* StripedLayout.swift */ = {isa = PBXFileReference; lastKnownFileType = sourcecode.swift; path = StripedLayout.swift; sourceTree = "<group>"; };
/* End PBXFileReference section */

/* Begin PBXFrameworksBuildPhase section */
		55707DE2248A51FE004706E5 /* Frameworks */ = {
			isa = PBXFrameworksBuildPhase;
			buildActionMask = 2147483647;
			files = (
			);
			runOnlyForDeploymentPostprocessing = 0;
		};
/* End PBXFrameworksBuildPhase section */

/* Begin PBXGroup section */
		554BB85D248BCB50006754ED /* Modifiers */ = {
			isa = PBXGroup;
			children = (
				554BB85E248BCB91006754ED /* SetSymbol.swift */,
			);
			path = Modifiers;
			sourceTree = "<group>";
		};
		55707DDC248A51FE004706E5 = {
			isa = PBXGroup;
			children = (
				557EE9D42490E97A00D777E8 /* assignment-3.pdf */,
				557EE9D52490E97A00D777E8 /* README.md */,
				55707DE7248A51FE004706E5 /* SoloSet */,
				55707DE6248A51FE004706E5 /* Products */,
			);
			sourceTree = "<group>";
		};
		55707DE6248A51FE004706E5 /* Products */ = {
			isa = PBXGroup;
			children = (
				55707DE5248A51FE004706E5 /* SoloSet.app */,
			);
			name = Products;
			sourceTree = "<group>";
		};
		55707DE7248A51FE004706E5 /* SoloSet */ = {
			isa = PBXGroup;
			children = (
				55707E00248A527F004706E5 /* ViewModel */,
				55707DFF248A5275004706E5 /* Views */,
				55707DFE248A525E004706E5 /* Model */,
				55707DFC248A5222004706E5 /* App */,
				55707DFD248A5238004706E5 /* Supporting Files */,
				55707DF6248A5202004706E5 /* Info.plist */,
				55707DF0248A5202004706E5 /* Preview Content */,
			);
			path = SoloSet;
			sourceTree = "<group>";
		};
		55707DF0248A5202004706E5 /* Preview Content */ = {
			isa = PBXGroup;
			children = (
				55707DF1248A5202004706E5 /* Preview Assets.xcassets */,
			);
			path = "Preview Content";
			sourceTree = "<group>";
		};
		55707DFC248A5222004706E5 /* App */ = {
			isa = PBXGroup;
			children = (
				55707DE8248A51FE004706E5 /* AppDelegate.swift */,
				55707DEA248A51FF004706E5 /* SceneDelegate.swift */,
			);
			path = App;
			sourceTree = "<group>";
		};
		55707DFD248A5238004706E5 /* Supporting Files */ = {
			isa = PBXGroup;
			children = (
				55707DEE248A5202004706E5 /* Assets.xcassets */,
				55707DF3248A5202004706E5 /* LaunchScreen.storyboard */,
				5552188F248E73D50044E0F5 /* TypeExtensions.swift */,
			);
			path = "Supporting Files";
			sourceTree = "<group>";
		};
		55707DFE248A525E004706E5 /* Model */ = {
			isa = PBXGroup;
			children = (
				550CDD3A248E3BED00C5687E /* Card.swift */,
				55521891248E84AE0044E0F5 /* Game.swift */,
			);
			path = Model;
			sourceTree = "<group>";
		};
		55707DFF248A5275004706E5 /* Views */ = {
			isa = PBXGroup;
			children = (
				5552188D248E71AC0044E0F5 /* SoloSetView.swift */,
				55707DEC248A51FF004706E5 /* CardView.swift */,
				55286A27248E6FD600006FE4 /* GridView.swift */,
				554BB85D248BCB50006754ED /* Modifiers */,
				55707E01248A5FDD004706E5 /* Layouts */,
			);
			path = Views;
			sourceTree = "<group>";
		};
		55707E00248A527F004706E5 /* ViewModel */ = {
			isa = PBXGroup;
			children = (
				55521893248E93620044E0F5 /* SoloSetViewModel.swift */,
			);
			path = ViewModel;
			sourceTree = "<group>";
		};
		55707E01248A5FDD004706E5 /* Layouts */ = {
			isa = PBXGroup;
			children = (
				55707E02248A601B004706E5 /* DiamondLayout.swift */,
				5574BF54248A790000FDB901 /* OvalLayout.swift */,
				554BB859248BB2D2006754ED /* SquiggleLayout.swift */,
				55AEB5E9248D2E8F00221AF6 /* StripedLayout.swift */,
				55286A25248E6F6900006FE4 /* GridLayout.swift */,
			);
			path = Layouts;
			sourceTree = "<group>";
		};
/* End PBXGroup section */

/* Begin PBXNativeTarget section */
		55707DE4248A51FE004706E5 /* SoloSet */ = {
			isa = PBXNativeTarget;
			buildConfigurationList = 55707DF9248A5202004706E5 /* Build configuration list for PBXNativeTarget "SoloSet" */;
			buildPhases = (
				55707DE1248A51FE004706E5 /* Sources */,
				55707DE2248A51FE004706E5 /* Frameworks */,
				55707DE3248A51FE004706E5 /* Resources */,
			);
			buildRules = (
			);
			dependencies = (
			);
			name = SoloSet;
			productName = SoloSet;
			productReference = 55707DE5248A51FE004706E5 /* SoloSet.app */;
			productType = "com.apple.product-type.application";
		};
/* End PBXNativeTarget section */

/* Begin PBXProject section */
		55707DDD248A51FE004706E5 /* Project object */ = {
			isa = PBXProject;
			attributes = {
				LastSwiftUpdateCheck = 1150;
				LastUpgradeCheck = 1150;
				ORGANIZATIONNAME = "Ulrich Braß";
				TargetAttributes = {
					55707DE4248A51FE004706E5 = {
						CreatedOnToolsVersion = 11.5;
					};
				};
			};
			buildConfigurationList = 55707DE0248A51FE004706E5 /* Build configuration list for PBXProject "SoloSet" */;
			compatibilityVersion = "Xcode 9.3";
			developmentRegion = en;
			hasScannedForEncodings = 0;
			knownRegions = (
				en,
				Base,
			);
			mainGroup = 55707DDC248A51FE004706E5;
			productRefGroup = 55707DE6248A51FE004706E5 /* Products */;
			projectDirPath = "";
			projectRoot = "";
			targets = (
				55707DE4248A51FE004706E5 /* SoloSet */,
			);
		};
/* End PBXProject section */

/* Begin PBXResourcesBuildPhase section */
		55707DE3248A51FE004706E5 /* Resources */ = {
			isa = PBXResourcesBuildPhase;
			buildActionMask = 2147483647;
			files = (
				55707DF5248A5202004706E5 /* LaunchScreen.storyboard in Resources */,
				557EE9D62490E97A00D777E8 /* assignment-3.pdf in Resources */,
				557EE9D72490E97A00D777E8 /* README.md in Resources */,
				55707DF2248A5202004706E5 /* Preview Assets.xcassets in Resources */,
				55707DEF248A5202004706E5 /* Assets.xcassets in Resources */,
			);
			runOnlyForDeploymentPostprocessing = 0;
		};
/* End PBXResourcesBuildPhase section */

/* Begin PBXSourcesBuildPhase section */
		55707DE1248A51FE004706E5 /* Sources */ = {
			isa = PBXSourcesBuildPhase;
			buildActionMask = 2147483647;
			files = (
				55707E03248A601B004706E5 /* DiamondLayout.swift in Sources */,
				5552188E248E71AC0044E0F5 /* SoloSetView.swift in Sources */,
				55521894248E93620044E0F5 /* SoloSetViewModel.swift in Sources */,
				550CDD3B248E3BED00C5687E /* Card.swift in Sources */,
				554BB85F248BCB91006754ED /* SetSymbol.swift in Sources */,
				55286A28248E6FD700006FE4 /* GridView.swift in Sources */,
				55707DE9248A51FE004706E5 /* AppDelegate.swift in Sources */,
				55521890248E73D50044E0F5 /* TypeExtensions.swift in Sources */,
				55707DEB248A51FF004706E5 /* SceneDelegate.swift in Sources */,
				5574BF55248A790000FDB901 /* OvalLayout.swift in Sources */,
				55521892248E84AE0044E0F5 /* Game.swift in Sources */,
				554BB85A248BB2D2006754ED /* SquiggleLayout.swift in Sources */,
				55286A26248E6F6900006FE4 /* GridLayout.swift in Sources */,
				55707DED248A51FF004706E5 /* CardView.swift in Sources */,
				55AEB5EA248D2E8F00221AF6 /* StripedLayout.swift in Sources */,
			);
			runOnlyForDeploymentPostprocessing = 0;
		};
/* End PBXSourcesBuildPhase section */

/* Begin PBXVariantGroup section */
		55707DF3248A5202004706E5 /* LaunchScreen.storyboard */ = {
			isa = PBXVariantGroup;
			children = (
				55707DF4248A5202004706E5 /* Base */,
			);
			name = LaunchScreen.storyboard;
			sourceTree = "<group>";
		};
/* End PBXVariantGroup section */

/* Begin XCBuildConfiguration section */
		55707DF7248A5202004706E5 /* Debug */ = {
			isa = XCBuildConfiguration;
			buildSettings = {
				ALWAYS_SEARCH_USER_PATHS = NO;
				CLANG_ANALYZER_NONNULL = YES;
				CLANG_ANALYZER_NUMBER_OBJECT_CONVERSION = YES_AGGRESSIVE;
				CLANG_CXX_LANGUAGE_STANDARD = "gnu++14";
				CLANG_CXX_LIBRARY = "libc++";
				CLANG_ENABLE_MODULES = YES;
				CLANG_ENABLE_OBJC_ARC = YES;
				CLANG_ENABLE_OBJC_WEAK = YES;
				CLANG_WARN_BLOCK_CAPTURE_AUTORELEASING = YES;
				CLANG_WARN_BOOL_CONVERSION = YES;
				CLANG_WARN_COMMA = YES;
				CLANG_WARN_CONSTANT_CONVERSION = YES;
				CLANG_WARN_DEPRECATED_OBJC_IMPLEMENTATIONS = YES;
				CLANG_WARN_DIRECT_OBJC_ISA_USAGE = YES_ERROR;
				CLANG_WARN_DOCUMENTATION_COMMENTS = YES;
				CLANG_WARN_EMPTY_BODY = YES;
				CLANG_WARN_ENUM_CONVERSION = YES;
				CLANG_WARN_INFINITE_RECURSION = YES;
				CLANG_WARN_INT_CONVERSION = YES;
				CLANG_WARN_NON_LITERAL_NULL_CONVERSION = YES;
				CLANG_WARN_OBJC_IMPLICIT_RETAIN_SELF = YES;
				CLANG_WARN_OBJC_LITERAL_CONVERSION = YES;
				CLANG_WARN_OBJC_ROOT_CLASS = YES_ERROR;
				CLANG_WARN_RANGE_LOOP_ANALYSIS = YES;
				CLANG_WARN_STRICT_PROTOTYPES = YES;
				CLANG_WARN_SUSPICIOUS_MOVE = YES;
				CLANG_WARN_UNGUARDED_AVAILABILITY = YES_AGGRESSIVE;
				CLANG_WARN_UNREACHABLE_CODE = YES;
				CLANG_WARN__DUPLICATE_METHOD_MATCH = YES;
				COPY_PHASE_STRIP = NO;
				DEBUG_INFORMATION_FORMAT = dwarf;
				ENABLE_STRICT_OBJC_MSGSEND = YES;
				ENABLE_TESTABILITY = YES;
				GCC_C_LANGUAGE_STANDARD = gnu11;
				GCC_DYNAMIC_NO_PIC = NO;
				GCC_NO_COMMON_BLOCKS = YES;
				GCC_OPTIMIZATION_LEVEL = 0;
				GCC_PREPROCESSOR_DEFINITIONS = (
					"DEBUG=1",
					"$(inherited)",
				);
				GCC_WARN_64_TO_32_BIT_CONVERSION = YES;
				GCC_WARN_ABOUT_RETURN_TYPE = YES_ERROR;
				GCC_WARN_UNDECLARED_SELECTOR = YES;
				GCC_WARN_UNINITIALIZED_AUTOS = YES_AGGRESSIVE;
				GCC_WARN_UNUSED_FUNCTION = YES;
				GCC_WARN_UNUSED_VARIABLE = YES;
				IPHONEOS_DEPLOYMENT_TARGET = 13.5;
				MTL_ENABLE_DEBUG_INFO = INCLUDE_SOURCE;
				MTL_FAST_MATH = YES;
				ONLY_ACTIVE_ARCH = YES;
				SDKROOT = iphoneos;
				SWIFT_ACTIVE_COMPILATION_CONDITIONS = DEBUG;
				SWIFT_OPTIMIZATION_LEVEL = "-Onone";
			};
			name = Debug;
		};
		55707DF8248A5202004706E5 /* Release */ = {
			isa = XCBuildConfiguration;
			buildSettings = {
				ALWAYS_SEARCH_USER_PATHS = NO;
				CLANG_ANALYZER_NONNULL = YES;
				CLANG_ANALYZER_NUMBER_OBJECT_CONVERSION = YES_AGGRESSIVE;
				CLANG_CXX_LANGUAGE_STANDARD = "gnu++14";
				CLANG_CXX_LIBRARY = "libc++";
				CLANG_ENABLE_MODULES = YES;
				CLANG_ENABLE_OBJC_ARC = YES;
				CLANG_ENABLE_OBJC_WEAK = YES;
				CLANG_WARN_BLOCK_CAPTURE_AUTORELEASING = YES;
				CLANG_WARN_BOOL_CONVERSION = YES;
				CLANG_WARN_COMMA = YES;
				CLANG_WARN_CONSTANT_CONVERSION = YES;
				CLANG_WARN_DEPRECATED_OBJC_IMPLEMENTATIONS = YES;
				CLANG_WARN_DIRECT_OBJC_ISA_USAGE = YES_ERROR;
				CLANG_WARN_DOCUMENTATION_COMMENTS = YES;
				CLANG_WARN_EMPTY_BODY = YES;
				CLANG_WARN_ENUM_CONVERSION = YES;
				CLANG_WARN_INFINITE_RECURSION = YES;
				CLANG_WARN_INT_CONVERSION = YES;
				CLANG_WARN_NON_LITERAL_NULL_CONVERSION = YES;
				CLANG_WARN_OBJC_IMPLICIT_RETAIN_SELF = YES;
				CLANG_WARN_OBJC_LITERAL_CONVERSION = YES;
				CLANG_WARN_OBJC_ROOT_CLASS = YES_ERROR;
				CLANG_WARN_RANGE_LOOP_ANALYSIS = YES;
				CLANG_WARN_STRICT_PROTOTYPES = YES;
				CLANG_WARN_SUSPICIOUS_MOVE = YES;
				CLANG_WARN_UNGUARDED_AVAILABILITY = YES_AGGRESSIVE;
				CLANG_WARN_UNREACHABLE_CODE = YES;
				CLANG_WARN__DUPLICATE_METHOD_MATCH = YES;
				COPY_PHASE_STRIP = NO;
				DEBUG_INFORMATION_FORMAT = "dwarf-with-dsym";
				ENABLE_NS_ASSERTIONS = NO;
				ENABLE_STRICT_OBJC_MSGSEND = YES;
				GCC_C_LANGUAGE_STANDARD = gnu11;
				GCC_NO_COMMON_BLOCKS = YES;
				GCC_WARN_64_TO_32_BIT_CONVERSION = YES;
				GCC_WARN_ABOUT_RETURN_TYPE = YES_ERROR;
				GCC_WARN_UNDECLARED_SELECTOR = YES;
				GCC_WARN_UNINITIALIZED_AUTOS = YES_AGGRESSIVE;
				GCC_WARN_UNUSED_FUNCTION = YES;
				GCC_WARN_UNUSED_VARIABLE = YES;
				IPHONEOS_DEPLOYMENT_TARGET = 13.5;
				MTL_ENABLE_DEBUG_INFO = NO;
				MTL_FAST_MATH = YES;
				SDKROOT = iphoneos;
				SWIFT_COMPILATION_MODE = wholemodule;
				SWIFT_OPTIMIZATION_LEVEL = "-O";
				VALIDATE_PRODUCT = YES;
			};
			name = Release;
		};
		55707DFA248A5202004706E5 /* Debug */ = {
			isa = XCBuildConfiguration;
			buildSettings = {
				ASSETCATALOG_COMPILER_APPICON_NAME = AppIcon;
				CODE_SIGN_STYLE = Automatic;
				DEVELOPMENT_ASSET_PATHS = "\"SoloSet/Preview Content\"";
				DEVELOPMENT_TEAM = BDLVCX2K6B;
				ENABLE_PREVIEWS = YES;
				INFOPLIST_FILE = SoloSet/Info.plist;
				IPHONEOS_DEPLOYMENT_TARGET = 13.0;
				LD_RUNPATH_SEARCH_PATHS = (
					"$(inherited)",
					"@executable_path/Frameworks",
				);
				PRODUCT_BUNDLE_IDENTIFIER = "de.brass-bn.ulrich.SoloSet";
				PRODUCT_NAME = "$(TARGET_NAME)";
				SWIFT_VERSION = 5.0;
				TARGETED_DEVICE_FAMILY = 1;
			};
			name = Debug;
		};
		55707DFB248A5202004706E5 /* Release */ = {
			isa = XCBuildConfiguration;
			buildSettings = {
				ASSETCATALOG_COMPILER_APPICON_NAME = AppIcon;
				CODE_SIGN_STYLE = Automatic;
				DEVELOPMENT_ASSET_PATHS = "\"SoloSet/Preview Content\"";
				DEVELOPMENT_TEAM = BDLVCX2K6B;
				ENABLE_PREVIEWS = YES;
				INFOPLIST_FILE = SoloSet/Info.plist;
				IPHONEOS_DEPLOYMENT_TARGET = 13.0;
				LD_RUNPATH_SEARCH_PATHS = (
					"$(inherited)",
					"@executable_path/Frameworks",
				);
				PRODUCT_BUNDLE_IDENTIFIER = "de.brass-bn.ulrich.SoloSet";
				PRODUCT_NAME = "$(TARGET_NAME)";
				SWIFT_VERSION = 5.0;
				TARGETED_DEVICE_FAMILY = 1;
			};
			name = Release;
		};
/* End XCBuildConfiguration section */

/* Begin XCConfigurationList section */
		55707DE0248A51FE004706E5 /* Build configuration list for PBXProject "SoloSet" */ = {
			isa = XCConfigurationList;
			buildConfigurations = (
				55707DF7248A5202004706E5 /* Debug */,
				55707DF8248A5202004706E5 /* Release */,
			);
			defaultConfigurationIsVisible = 0;
			defaultConfigurationName = Release;
		};
		55707DF9248A5202004706E5 /* Build configuration list for PBXNativeTarget "SoloSet" */ = {
			isa = XCConfigurationList;
			buildConfigurations = (
				55707DFA248A5202004706E5 /* Debug */,
				55707DFB248A5202004706E5 /* Release */,
			);
			defaultConfigurationIsVisible = 0;
			defaultConfigurationName = Release;
		};
/* End XCConfigurationList section */
	};
	rootObject = 55707DDD248A51FE004706E5 /* Project object */;
}
